// !$*UTF8*$!
{
	archiveVersion = 1;
	classes = {
	};
	objectVersion = 56;
	objects = {

/* Begin PBXBuildFile section */
		FBD6A0AE2A836272005D6022 /* AppDelegate.swift in Sources */ = {isa = PBXBuildFile; fileRef = FBD6A0AD2A836272005D6022 /* AppDelegate.swift */; };
		FBD6A0B02A836272005D6022 /* SceneDelegate.swift in Sources */ = {isa = PBXBuildFile; fileRef = FBD6A0AF2A836272005D6022 /* SceneDelegate.swift */; };
		FBD6A0B22A836272005D6022 /* ViewController.swift in Sources */ = {isa = PBXBuildFile; fileRef = FBD6A0B12A836272005D6022 /* ViewController.swift */; };
		FBD6A0B52A836272005D6022 /* Main.storyboard in Resources */ = {isa = PBXBuildFile; fileRef = FBD6A0B32A836272005D6022 /* Main.storyboard */; };
		FBD6A0B82A836272005D6022 /* Gym_Team_Fit.xcdatamodeld in Sources */ = {isa = PBXBuildFile; fileRef = FBD6A0B62A836272005D6022 /* Gym_Team_Fit.xcdatamodeld */; };
		FBD6A0BA2A836273005D6022 /* Assets.xcassets in Resources */ = {isa = PBXBuildFile; fileRef = FBD6A0B92A836273005D6022 /* Assets.xcassets */; };
		FBD6A0BD2A836273005D6022 /* LaunchScreen.storyboard in Resources */ = {isa = PBXBuildFile; fileRef = FBD6A0BB2A836273005D6022 /* LaunchScreen.storyboard */; };
/* End PBXBuildFile section */

/* Begin PBXFileReference section */
		FBD6A0AA2A836272005D6022 /* Gym Team Fit.app */ = {isa = PBXFileReference; explicitFileType = wrapper.application; includeInIndex = 0; path = "Gym Team Fit.app"; sourceTree = BUILT_PRODUCTS_DIR; };
		FBD6A0AD2A836272005D6022 /* AppDelegate.swift */ = {isa = PBXFileReference; lastKnownFileType = sourcecode.swift; path = AppDelegate.swift; sourceTree = "<group>"; };
		FBD6A0AF2A836272005D6022 /* SceneDelegate.swift */ = {isa = PBXFileReference; lastKnownFileType = sourcecode.swift; path = SceneDelegate.swift; sourceTree = "<group>"; };
		FBD6A0B12A836272005D6022 /* ViewController.swift */ = {isa = PBXFileReference; lastKnownFileType = sourcecode.swift; path = ViewController.swift; sourceTree = "<group>"; };
		FBD6A0B42A836272005D6022 /* Base */ = {isa = PBXFileReference; lastKnownFileType = file.storyboard; name = Base; path = Base.lproj/Main.storyboard; sourceTree = "<group>"; };
		FBD6A0B72A836272005D6022 /* Gym_Team_Fit.xcdatamodel */ = {isa = PBXFileReference; lastKnownFileType = wrapper.xcdatamodel; path = Gym_Team_Fit.xcdatamodel; sourceTree = "<group>"; };
		FBD6A0B92A836273005D6022 /* Assets.xcassets */ = {isa = PBXFileReference; lastKnownFileType = folder.assetcatalog; path = Assets.xcassets; sourceTree = "<group>"; };
		FBD6A0BC2A836273005D6022 /* Base */ = {isa = PBXFileReference; lastKnownFileType = file.storyboard; name = Base; path = Base.lproj/LaunchScreen.storyboard; sourceTree = "<group>"; };
		FBD6A0BE2A836273005D6022 /* Info.plist */ = {isa = PBXFileReference; lastKnownFileType = text.plist.xml; path = Info.plist; sourceTree = "<group>"; };
/* End PBXFileReference section */

/* Begin PBXFrameworksBuildPhase section */
		FBD6A0A72A836271005D6022 /* Frameworks */ = {
			isa = PBXFrameworksBuildPhase;
			buildActionMask = 2147483647;
			files = (
			);
			runOnlyForDeploymentPostprocessing = 0;
		};
/* End PBXFrameworksBuildPhase section */

/* Begin PBXGroup section */
		FBD6A0A12A836271005D6022 = {
			isa = PBXGroup;
			children = (
				FBD6A0AC2A836272005D6022 /* Gym Team Fit */,
				FBD6A0AB2A836272005D6022 /* Products */,
			);
			sourceTree = "<group>";
		};
		FBD6A0AB2A836272005D6022 /* Products */ = {
			isa = PBXGroup;
			children = (
				FBD6A0AA2A836272005D6022 /* Gym Team Fit.app */,
			);
			name = Products;
			sourceTree = "<group>";
		};
		FBD6A0AC2A836272005D6022 /* Gym Team Fit */ = {
			isa = PBXGroup;
			children = (
				FBD6A0AD2A836272005D6022 /* AppDelegate.swift */,
				FBD6A0AF2A836272005D6022 /* SceneDelegate.swift */,
				FBD6A0B12A836272005D6022 /* ViewController.swift */,
				FBD6A0B32A836272005D6022 /* Main.storyboard */,
				FBD6A0B92A836273005D6022 /* Assets.xcassets */,
				FBD6A0BB2A836273005D6022 /* LaunchScreen.storyboard */,
				FBD6A0BE2A836273005D6022 /* Info.plist */,
				FBD6A0B62A836272005D6022 /* Gym_Team_Fit.xcdatamodeld */,
			);
			path = "Gym Team Fit";
			sourceTree = "<group>";
		};
/* End PBXGroup section */

/* Begin PBXNativeTarget section */
		FBD6A0A92A836271005D6022 /* Gym Team Fit */ = {
			isa = PBXNativeTarget;
			buildConfigurationList = FBD6A0C12A836273005D6022 /* Build configuration list for PBXNativeTarget "Gym Team Fit" */;
			buildPhases = (
				FBD6A0A62A836271005D6022 /* Sources */,
				FBD6A0A72A836271005D6022 /* Frameworks */,
				FBD6A0A82A836271005D6022 /* Resources */,
			);
			buildRules = (
			);
			dependencies = (
			);
			name = "Gym Team Fit";
			productName = "Gym Team Fit";
			productReference = FBD6A0AA2A836272005D6022 /* Gym Team Fit.app */;
			productType = "com.apple.product-type.application";
		};
/* End PBXNativeTarget section */

/* Begin PBXProject section */
		FBD6A0A22A836271005D6022 /* Project object */ = {
			isa = PBXProject;
			attributes = {
				BuildIndependentTargetsInParallel = 1;
				LastSwiftUpdateCheck = 1430;
				LastUpgradeCheck = 1430;
				TargetAttributes = {
					FBD6A0A92A836271005D6022 = {
						CreatedOnToolsVersion = 14.3.1;
					};
				};
			};
			buildConfigurationList = FBD6A0A52A836271005D6022 /* Build configuration list for PBXProject "Gym Team Fit" */;
			compatibilityVersion = "Xcode 14.0";
			developmentRegion = en;
			hasScannedForEncodings = 0;
			knownRegions = (
				en,
				Base,
			);
			mainGroup = FBD6A0A12A836271005D6022;
			productRefGroup = FBD6A0AB2A836272005D6022 /* Products */;
			projectDirPath = "";
			projectRoot = "";
			targets = (
				FBD6A0A92A836271005D6022 /* Gym Team Fit */,
			);
		};
/* End PBXProject section */

/* Begin PBXResourcesBuildPhase section */
		FBD6A0A82A836271005D6022 /* Resources */ = {
			isa = PBXResourcesBuildPhase;
			buildActionMask = 2147483647;
			files = (
				FBD6A0BD2A836273005D6022 /* LaunchScreen.storyboard in Resources */,
				FBD6A0BA2A836273005D6022 /* Assets.xcassets in Resources */,
				FBD6A0B52A836272005D6022 /* Main.storyboard in Resources */,
			);
			runOnlyForDeploymentPostprocessing = 0;
		};
/* End PBXResourcesBuildPhase section */

/* Begin PBXSourcesBuildPhase section */
		FBD6A0A62A836271005D6022 /* Sources */ = {
			isa = PBXSourcesBuildPhase;
			buildActionMask = 2147483647;
			files = (
				FBD6A0B22A836272005D6022 /* ViewController.swift in Sources */,
				FBD6A0AE2A836272005D6022 /* AppDelegate.swift in Sources */,
				FBD6A0B82A836272005D6022 /* Gym_Team_Fit.xcdatamodeld in Sources */,
				FBD6A0B02A836272005D6022 /* SceneDelegate.swift in Sources */,
			);
			runOnlyForDeploymentPostprocessing = 0;
		};
/* End PBXSourcesBuildPhase section */

/* Begin PBXVariantGroup section */
		FBD6A0B32A836272005D6022 /* Main.storyboard */ = {
			isa = PBXVariantGroup;
			children = (
				FBD6A0B42A836272005D6022 /* Base */,
			);
			name = Main.storyboard;
			sourceTree = "<group>";
		};
		FBD6A0BB2A836273005D6022 /* LaunchScreen.storyboard */ = {
			isa = PBXVariantGroup;
			children = (
				FBD6A0BC2A836273005D6022 /* Base */,
			);
			name = LaunchScreen.storyboard;
			sourceTree = "<group>";
		};
/* End PBXVariantGroup section */

/* Begin XCBuildConfiguration section */
		FBD6A0BF2A836273005D6022 /* Debug */ = {
			isa = XCBuildConfiguration;
			buildSettings = {
				ALWAYS_SEARCH_USER_PATHS = NO;
				CLANG_ANALYZER_NONNULL = YES;
				CLANG_ANALYZER_NUMBER_OBJECT_CONVERSION = YES_AGGRESSIVE;
				CLANG_CXX_LANGUAGE_STANDARD = "gnu++20";
				CLANG_ENABLE_MODULES = YES;
				CLANG_ENABLE_OBJC_ARC = YES;
				CLANG_ENABLE_OBJC_WEAK = YES;
				CLANG_WARN_BLOCK_CAPTURE_AUTORELEASING = YES;
				CLANG_WARN_BOOL_CONVERSION = YES;
				CLANG_WARN_COMMA = YES;
				CLANG_WARN_CONSTANT_CONVERSION = YES;
				CLANG_WARN_DEPRECATED_OBJC_IMPLEMENTATIONS = YES;
				CLANG_WARN_DIRECT_OBJC_ISA_USAGE = YES_ERROR;
				CLANG_WARN_DOCUMENTATION_COMMENTS = YES;
				CLANG_WARN_EMPTY_BODY = YES;
				CLANG_WARN_ENUM_CONVERSION = YES;
				CLANG_WARN_INFINITE_RECURSION = YES;
				CLANG_WARN_INT_CONVERSION = YES;
				CLANG_WARN_NON_LITERAL_NULL_CONVERSION = YES;
				CLANG_WARN_OBJC_IMPLICIT_RETAIN_SELF = YES;
				CLANG_WARN_OBJC_LITERAL_CONVERSION = YES;
				CLANG_WARN_OBJC_ROOT_CLASS = YES_ERROR;
				CLANG_WARN_QUOTED_INCLUDE_IN_FRAMEWORK_HEADER = YES;
				CLANG_WARN_RANGE_LOOP_ANALYSIS = YES;
				CLANG_WARN_STRICT_PROTOTYPES = YES;
				CLANG_WARN_SUSPICIOUS_MOVE = YES;
				CLANG_WARN_UNGUARDED_AVAILABILITY = YES_AGGRESSIVE;
				CLANG_WARN_UNREACHABLE_CODE = YES;
				CLANG_WARN__DUPLICATE_METHOD_MATCH = YES;
				COPY_PHASE_STRIP = NO;
				DEBUG_INFORMATION_FORMAT = dwarf;
				ENABLE_STRICT_OBJC_MSGSEND = YES;
				ENABLE_TESTABILITY = YES;
				GCC_C_LANGUAGE_STANDARD = gnu11;
				GCC_DYNAMIC_NO_PIC = NO;
				GCC_NO_COMMON_BLOCKS = YES;
				GCC_OPTIMIZATION_LEVEL = 0;
				GCC_PREPROCESSOR_DEFINITIONS = (
					"DEBUG=1",
					"$(inherited)",
				);
				GCC_WARN_64_TO_32_BIT_CONVERSION = YES;
				GCC_WARN_ABOUT_RETURN_TYPE = YES_ERROR;
				GCC_WARN_UNDECLARED_SELECTOR = YES;
				GCC_WARN_UNINITIALIZED_AUTOS = YES_AGGRESSIVE;
				GCC_WARN_UNUSED_FUNCTION = YES;
				GCC_WARN_UNUSED_VARIABLE = YES;
				IPHONEOS_DEPLOYMENT_TARGET = 16.4;
				MTL_ENABLE_DEBUG_INFO = INCLUDE_SOURCE;
				MTL_FAST_MATH = YES;
				ONLY_ACTIVE_ARCH = YES;
				SDKROOT = iphoneos;
				SWIFT_ACTIVE_COMPILATION_CONDITIONS = DEBUG;
				SWIFT_OPTIMIZATION_LEVEL = "-Onone";
			};
			name = Debug;
		};
		FBD6A0C02A836273005D6022 /* Release */ = {
			isa = XCBuildConfiguration;
			buildSettings = {
				ALWAYS_SEARCH_USER_PATHS = NO;
				CLANG_ANALYZER_NONNULL = YES;
				CLANG_ANALYZER_NUMBER_OBJECT_CONVERSION = YES_AGGRESSIVE;
				CLANG_CXX_LANGUAGE_STANDARD = "gnu++20";
				CLANG_ENABLE_MODULES = YES;
				CLANG_ENABLE_OBJC_ARC = YES;
				CLANG_ENABLE_OBJC_WEAK = YES;
				CLANG_WARN_BLOCK_CAPTURE_AUTORELEASING = YES;
				CLANG_WARN_BOOL_CONVERSION = YES;
				CLANG_WARN_COMMA = YES;
				CLANG_WARN_CONSTANT_CONVERSION = YES;
				CLANG_WARN_DEPRECATED_OBJC_IMPLEMENTATIONS = YES;
				CLANG_WARN_DIRECT_OBJC_ISA_USAGE = YES_ERROR;
				CLANG_WARN_DOCUMENTATION_COMMENTS = YES;
				CLANG_WARN_EMPTY_BODY = YES;
				CLANG_WARN_ENUM_CONVERSION = YES;
				CLANG_WARN_INFINITE_RECURSION = YES;
				CLANG_WARN_INT_CONVERSION = YES;
				CLANG_WARN_NON_LITERAL_NULL_CONVERSION = YES;
				CLANG_WARN_OBJC_IMPLICIT_RETAIN_SELF = YES;
				CLANG_WARN_OBJC_LITERAL_CONVERSION = YES;
				CLANG_WARN_OBJC_ROOT_CLASS = YES_ERROR;
				CLANG_WARN_QUOTED_INCLUDE_IN_FRAMEWORK_HEADER = YES;
				CLANG_WARN_RANGE_LOOP_ANALYSIS = YES;
				CLANG_WARN_STRICT_PROTOTYPES = YES;
				CLANG_WARN_SUSPICIOUS_MOVE = YES;
				CLANG_WARN_UNGUARDED_AVAILABILITY = YES_AGGRESSIVE;
				CLANG_WARN_UNREACHABLE_CODE = YES;
				CLANG_WARN__DUPLICATE_METHOD_MATCH = YES;
				COPY_PHASE_STRIP = NO;
				DEBUG_INFORMATION_FORMAT = "dwarf-with-dsym";
				ENABLE_NS_ASSERTIONS = NO;
				ENABLE_STRICT_OBJC_MSGSEND = YES;
				GCC_C_LANGUAGE_STANDARD = gnu11;
				GCC_NO_COMMON_BLOCKS = YES;
				GCC_WARN_64_TO_32_BIT_CONVERSION = YES;
				GCC_WARN_ABOUT_RETURN_TYPE = YES_ERROR;
				GCC_WARN_UNDECLARED_SELECTOR = YES;
				GCC_WARN_UNINITIALIZED_AUTOS = YES_AGGRESSIVE;
				GCC_WARN_UNUSED_FUNCTION = YES;
				GCC_WARN_UNUSED_VARIABLE = YES;
				IPHONEOS_DEPLOYMENT_TARGET = 16.4;
				MTL_ENABLE_DEBUG_INFO = NO;
				MTL_FAST_MATH = YES;
				SDKROOT = iphoneos;
				SWIFT_COMPILATION_MODE = wholemodule;
				SWIFT_OPTIMIZATION_LEVEL = "-O";
				VALIDATE_PRODUCT = YES;
			};
			name = Release;
		};
		FBD6A0C22A836273005D6022 /* Debug */ = {
			isa = XCBuildConfiguration;
			buildSettings = {
				ASSETCATALOG_COMPILER_APPICON_NAME = AppIcon;
				ASSETCATALOG_COMPILER_GLOBAL_ACCENT_COLOR_NAME = AccentColor;
				CODE_SIGN_STYLE = Automatic;
				CURRENT_PROJECT_VERSION = 1;
				DEVELOPMENT_TEAM = RDUJ47QN57;
				GENERATE_INFOPLIST_FILE = YES;
				INFOPLIST_FILE = "Gym Team Fit/Info.plist";
				INFOPLIST_KEY_UIApplicationSupportsIndirectInputEvents = YES;
				INFOPLIST_KEY_UILaunchStoryboardName = LaunchScreen;
				INFOPLIST_KEY_UIMainStoryboardFile = Main;
				INFOPLIST_KEY_UISupportedInterfaceOrientations_iPad = "UIInterfaceOrientationPortrait UIInterfaceOrientationPortraitUpsideDown UIInterfaceOrientationLandscapeLeft UIInterfaceOrientationLandscapeRight";
				INFOPLIST_KEY_UISupportedInterfaceOrientations_iPhone = "UIInterfaceOrientationPortrait UIInterfaceOrientationLandscapeLeft UIInterfaceOrientationLandscapeRight";
				LD_RUNPATH_SEARCH_PATHS = (
					"$(inherited)",
					"@executable_path/Frameworks",
				);
				MARKETING_VERSION = 1.0;
				PRODUCT_BUNDLE_IDENTIFIER = "uz.integer.Gym-Team-Fit";
				PRODUCT_NAME = "$(TARGET_NAME)";
				SWIFT_EMIT_LOC_STRINGS = YES;
				SWIFT_VERSION = 5.0;
				TARGETED_DEVICE_FAMILY = "1,2";
			};
			name = Debug;
		};
		FBD6A0C32A836273005D6022 /* Release */ = {
			isa = XCBuildConfiguration;
			buildSettings = {
				ASSETCATALOG_COMPILER_APPICON_NAME = AppIcon;
				ASSETCATALOG_COMPILER_GLOBAL_ACCENT_COLOR_NAME = AccentColor;
				CODE_SIGN_STYLE = Automatic;
				CURRENT_PROJECT_VERSION = 1;
				DEVELOPMENT_TEAM = RDUJ47QN57;
				GENERATE_INFOPLIST_FILE = YES;
				INFOPLIST_FILE = "Gym Team Fit/Info.plist";
				INFOPLIST_KEY_UIApplicationSupportsIndirectInputEvents = YES;
				INFOPLIST_KEY_UILaunchStoryboardName = LaunchScreen;
				INFOPLIST_KEY_UIMainStoryboardFile = Main;
				INFOPLIST_KEY_UISupportedInterfaceOrientations_iPad = "UIInterfaceOrientationPortrait UIInterfaceOrientationPortraitUpsideDown UIInterfaceOrientationLandscapeLeft UIInterfaceOrientationLandscapeRight";
				INFOPLIST_KEY_UISupportedInterfaceOrientations_iPhone = "UIInterfaceOrientationPortrait UIInterfaceOrientationLandscapeLeft UIInterfaceOrientationLandscapeRight";
				LD_RUNPATH_SEARCH_PATHS = (
					"$(inherited)",
					"@executable_path/Frameworks",
				);
				MARKETING_VERSION = 1.0;
				PRODUCT_BUNDLE_IDENTIFIER = "uz.integer.Gym-Team-Fit";
				PRODUCT_NAME = "$(TARGET_NAME)";
				SWIFT_EMIT_LOC_STRINGS = YES;
				SWIFT_VERSION = 5.0;
				TARGETED_DEVICE_FAMILY = "1,2";
			};
			name = Release;
		};
/* End XCBuildConfiguration section */

/* Begin XCConfigurationList section */
		FBD6A0A52A836271005D6022 /* Build configuration list for PBXProject "Gym Team Fit" */ = {
			isa = XCConfigurationList;
			buildConfigurations = (
				FBD6A0BF2A836273005D6022 /* Debug */,
				FBD6A0C02A836273005D6022 /* Release */,
			);
			defaultConfigurationIsVisible = 0;
			defaultConfigurationName = Release;
		};
		FBD6A0C12A836273005D6022 /* Build configuration list for PBXNativeTarget "Gym Team Fit" */ = {
			isa = XCConfigurationList;
			buildConfigurations = (
				FBD6A0C22A836273005D6022 /* Debug */,
				FBD6A0C32A836273005D6022 /* Release */,
			);
			defaultConfigurationIsVisible = 0;
			defaultConfigurationName = Release;
		};
/* End XCConfigurationList section */

/* Begin XCVersionGroup section */
		FBD6A0B62A836272005D6022 /* Gym_Team_Fit.xcdatamodeld */ = {
			isa = XCVersionGroup;
			children = (
				FBD6A0B72A836272005D6022 /* Gym_Team_Fit.xcdatamodel */,
			);
			currentVersion = FBD6A0B72A836272005D6022 /* Gym_Team_Fit.xcdatamodel */;
			path = Gym_Team_Fit.xcdatamodeld;
			sourceTree = "<group>";
			versionGroupType = wrapper.xcdatamodel;
		};
/* End XCVersionGroup section */
	};
	rootObject = FBD6A0A22A836271005D6022 /* Project object */;
}
